
Microsoft Visual Studio Solution File, Format Version 12.00
# Visual Studio 2013
VisualStudioVersion = 12.0.31101.0
MinimumVisualStudioVersion = 10.0.40219.1
Project("{FAE04EC0-301F-11D3-BF4B-00C04F79EFBC}") = "DirectoryMonitoring", "FileSystemWatcher\DirectoryMonitoring.csproj", "{EEC15A1B-5D33-433F-9F7B-EE4C08A9CE9C}"
EndProject
Project("{FAE04EC0-301F-11D3-BF4B-00C04F79EFBC}") = "MailFunctionality", "MailFunctionality\MailFunctionality.csproj", "{F96310BB-EA61-4FB0-9D14-06FA26321159}"
EndProject
Global
	GlobalSection(SolutionConfigurationPlatforms) = preSolution
		Debug|Any CPU = Debug|Any CPU
		Release|Any CPU = Release|Any CPU
	EndGlobalSection
	GlobalSection(ProjectConfigurationPlatforms) = postSolution
		{EEC15A1B-5D33-433F-9F7B-EE4C08A9CE9C}.Debug|Any CPU.ActiveCfg = Debug|Any CPU
		{EEC15A1B-5D33-433F-9F7B-EE4C08A9CE9C}.Debug|Any CPU.Build.0 = Debug|Any CPU
		{EEC15A1B-5D33-433F-9F7B-EE4C08A9CE9C}.Release|Any CPU.ActiveCfg = Release|Any CPU
		{EEC15A1B-5D33-433F-9F7B-EE4C08A9CE9C}.Release|Any CPU.Build.0 = Release|Any CPU
		{F96310BB-EA61-4FB0-9D14-06FA26321159}.Debug|Any CPU.ActiveCfg = Debug|Any CPU
		{F96310BB-EA61-4FB0-9D14-06FA26321159}.Debug|Any CPU.Build.0 = Debug|Any CPU
		{F96310BB-EA61-4FB0-9D14-06FA26321159}.Release|Any CPU.ActiveCfg = Release|Any CPU
		{F96310BB-EA61-4FB0-9D14-06FA26321159}.Release|Any CPU.Build.0 = Release|Any CPU
	EndGlobalSection
	GlobalSection(SolutionProperties) = preSolution
		HideSolutionNode = FALSE
	EndGlobalSection
EndGlobal
